
Microsoft Visual Studio Solution File, Format Version 12.00
# Visual Studio Version 17
VisualStudioVersion = 17.8.34511.84
MinimumVisualStudioVersion = 10.0.40219.1
Project("{FAE04EC0-301F-11D3-BF4B-00C04F79EFBC}") = "Calculos", "Calculos\Calculos.csproj", "{D1D32894-A012-4966-8725-2FC843ED6FBC}"
EndProject
Project("{FAE04EC0-301F-11D3-BF4B-00C04F79EFBC}") = "Calculos.Test", "Calculos.Test\Calculos.Test.csproj", "{F7BD6C89-146D-46C3-8814-3074C2C75CF5}"
EndProject
Global
	GlobalSection(SolutionConfigurationPlatforms) = preSolution
		Debug|Any CPU = Debug|Any CPU
		Release|Any CPU = Release|Any CPU
	EndGlobalSection
	GlobalSection(ProjectConfigurationPlatforms) = postSolution
		{D1D32894-A012-4966-8725-2FC843ED6FBC}.Debug|Any CPU.ActiveCfg = Debug|Any CPU
		{D1D32894-A012-4966-8725-2FC843ED6FBC}.Debug|Any CPU.Build.0 = Debug|Any CPU
		{D1D32894-A012-4966-8725-2FC843ED6FBC}.Release|Any CPU.ActiveCfg = Release|Any CPU
		{D1D32894-A012-4966-8725-2FC843ED6FBC}.Release|Any CPU.Build.0 = Release|Any CPU
		{F7BD6C89-146D-46C3-8814-3074C2C75CF5}.Debug|Any CPU.ActiveCfg = Debug|Any CPU
		{F7BD6C89-146D-46C3-8814-3074C2C75CF5}.Debug|Any CPU.Build.0 = Debug|Any CPU
		{F7BD6C89-146D-46C3-8814-3074C2C75CF5}.Release|Any CPU.ActiveCfg = Release|Any CPU
		{F7BD6C89-146D-46C3-8814-3074C2C75CF5}.Release|Any CPU.Build.0 = Release|Any CPU
	EndGlobalSection
	GlobalSection(SolutionProperties) = preSolution
		HideSolutionNode = FALSE
	EndGlobalSection
	GlobalSection(ExtensibilityGlobals) = postSolution
		SolutionGuid = {A9F8A155-FB22-46BE-BF3D-733B8E2371FB}
	EndGlobalSection
EndGlobal
