
Microsoft Visual Studio Solution File, Format Version 12.00
# Visual Studio Version 17
VisualStudioVersion = 17.8.34511.84
MinimumVisualStudioVersion = 10.0.40219.1
Project("{9A19103F-16F7-4668-BE54-9A1E7A4F7556}") = "ProductApi", "ProductApi.csproj", "{50A874CC-23B9-48DF-9EAC-6706FD43A184}"
EndProject
Project("{FAE04EC0-301F-11D3-BF4B-00C04F79EFBC}") = "APIs.Test", "..\APIs.Test\APIs.Test.csproj", "{5FA5C47A-83C9-4F2D-9DD4-167F0FE89216}"
EndProject
Global
	GlobalSection(SolutionConfigurationPlatforms) = preSolution
		Debug|Any CPU = Debug|Any CPU
		Release|Any CPU = Release|Any CPU
	EndGlobalSection
	GlobalSection(ProjectConfigurationPlatforms) = postSolution
		{50A874CC-23B9-48DF-9EAC-6706FD43A184}.Debug|Any CPU.ActiveCfg = Debug|Any CPU
		{50A874CC-23B9-48DF-9EAC-6706FD43A184}.Debug|Any CPU.Build.0 = Debug|Any CPU
		{50A874CC-23B9-48DF-9EAC-6706FD43A184}.Release|Any CPU.ActiveCfg = Release|Any CPU
		{50A874CC-23B9-48DF-9EAC-6706FD43A184}.Release|Any CPU.Build.0 = Release|Any CPU
		{5FA5C47A-83C9-4F2D-9DD4-167F0FE89216}.Debug|Any CPU.ActiveCfg = Debug|Any CPU
		{5FA5C47A-83C9-4F2D-9DD4-167F0FE89216}.Debug|Any CPU.Build.0 = Debug|Any CPU
		{5FA5C47A-83C9-4F2D-9DD4-167F0FE89216}.Release|Any CPU.ActiveCfg = Release|Any CPU
		{5FA5C47A-83C9-4F2D-9DD4-167F0FE89216}.Release|Any CPU.Build.0 = Release|Any CPU
	EndGlobalSection
	GlobalSection(SolutionProperties) = preSolution
		HideSolutionNode = FALSE
	EndGlobalSection
	GlobalSection(ExtensibilityGlobals) = postSolution
		SolutionGuid = {53F60D4D-F8F4-484D-BA24-73F166DC6EB0}
	EndGlobalSection
EndGlobal
