
Microsoft Visual Studio Solution File, Format Version 12.00
# Visual Studio Version 17
VisualStudioVersion = 17.8.34511.84
MinimumVisualStudioVersion = 10.0.40219.1
Project("{FAE04EC0-301F-11D3-BF4B-00C04F79EFBC}") = "GerenciamentoDeInventario", "GerenciamentoDeInventario\GerenciamentoDeInventario.csproj", "{5E3EA52E-10A3-4AF7-9BC1-2ADB140B3046}"
EndProject
Project("{FAE04EC0-301F-11D3-BF4B-00C04F79EFBC}") = "GerenciamentoDeInventarioUnitTest", "GerenciamentoDeInventarioUnitTest\GerenciamentoDeInventarioUnitTest.csproj", "{7D1D7A34-B2CA-4D97-A683-C60CEF50232B}"
EndProject
Global
	GlobalSection(SolutionConfigurationPlatforms) = preSolution
		Debug|Any CPU = Debug|Any CPU
		Release|Any CPU = Release|Any CPU
	EndGlobalSection
	GlobalSection(ProjectConfigurationPlatforms) = postSolution
		{5E3EA52E-10A3-4AF7-9BC1-2ADB140B3046}.Debug|Any CPU.ActiveCfg = Debug|Any CPU
		{5E3EA52E-10A3-4AF7-9BC1-2ADB140B3046}.Debug|Any CPU.Build.0 = Debug|Any CPU
		{5E3EA52E-10A3-4AF7-9BC1-2ADB140B3046}.Release|Any CPU.ActiveCfg = Release|Any CPU
		{5E3EA52E-10A3-4AF7-9BC1-2ADB140B3046}.Release|Any CPU.Build.0 = Release|Any CPU
		{7D1D7A34-B2CA-4D97-A683-C60CEF50232B}.Debug|Any CPU.ActiveCfg = Debug|Any CPU
		{7D1D7A34-B2CA-4D97-A683-C60CEF50232B}.Debug|Any CPU.Build.0 = Debug|Any CPU
		{7D1D7A34-B2CA-4D97-A683-C60CEF50232B}.Release|Any CPU.ActiveCfg = Release|Any CPU
		{7D1D7A34-B2CA-4D97-A683-C60CEF50232B}.Release|Any CPU.Build.0 = Release|Any CPU
	EndGlobalSection
	GlobalSection(SolutionProperties) = preSolution
		HideSolutionNode = FALSE
	EndGlobalSection
	GlobalSection(ExtensibilityGlobals) = postSolution
		SolutionGuid = {689FD720-4BF0-4ABE-9756-B8A68EB58612}
	EndGlobalSection
EndGlobal
