
Microsoft Visual Studio Solution File, Format Version 12.00
# Visual Studio Version 17
VisualStudioVersion = 17.8.34511.84
MinimumVisualStudioVersion = 10.0.40219.1
Project("{FAE04EC0-301F-11D3-BF4B-00C04F79EFBC}") = "ConversaoTemp", "ConvercaoTemp\ConversaoTemp.csproj", "{847D00B8-E8A0-4DE8-9992-5E0875BB14CB}"
EndProject
Project("{FAE04EC0-301F-11D3-BF4B-00C04F79EFBC}") = "ConversorTest", "ConversorTest\ConversorTest.csproj", "{B3AD0BD7-A50F-46D3-99A9-45399F706A46}"
EndProject
Global
	GlobalSection(SolutionConfigurationPlatforms) = preSolution
		Debug|Any CPU = Debug|Any CPU
		Release|Any CPU = Release|Any CPU
	EndGlobalSection
	GlobalSection(ProjectConfigurationPlatforms) = postSolution
		{847D00B8-E8A0-4DE8-9992-5E0875BB14CB}.Debug|Any CPU.ActiveCfg = Debug|Any CPU
		{847D00B8-E8A0-4DE8-9992-5E0875BB14CB}.Debug|Any CPU.Build.0 = Debug|Any CPU
		{847D00B8-E8A0-4DE8-9992-5E0875BB14CB}.Release|Any CPU.ActiveCfg = Release|Any CPU
		{847D00B8-E8A0-4DE8-9992-5E0875BB14CB}.Release|Any CPU.Build.0 = Release|Any CPU
		{B3AD0BD7-A50F-46D3-99A9-45399F706A46}.Debug|Any CPU.ActiveCfg = Debug|Any CPU
		{B3AD0BD7-A50F-46D3-99A9-45399F706A46}.Debug|Any CPU.Build.0 = Debug|Any CPU
		{B3AD0BD7-A50F-46D3-99A9-45399F706A46}.Release|Any CPU.ActiveCfg = Release|Any CPU
		{B3AD0BD7-A50F-46D3-99A9-45399F706A46}.Release|Any CPU.Build.0 = Release|Any CPU
	EndGlobalSection
	GlobalSection(SolutionProperties) = preSolution
		HideSolutionNode = FALSE
	EndGlobalSection
	GlobalSection(ExtensibilityGlobals) = postSolution
		SolutionGuid = {A2227192-8CB8-4BA4-A352-0B63CE2C0DDD}
	EndGlobalSection
EndGlobal
